
Microsoft Visual Studio Solution File, Format Version 12.00
# Visual Studio Version 16
VisualStudioVersion = 16.0.30523.141
MinimumVisualStudioVersion = 10.0.40219.1
Project("{FAE04EC0-301F-11D3-BF4B-00C04F79EFBC}") = "ZalhanPaula_Lab10.Android", "ZalhanPaula_Lab10.Android\ZalhanPaula_Lab10.Android.csproj", "{E95C0B8E-5CF0-4C58-9BB9-1C500CA72AA3}"
EndProject
Project("{FAE04EC0-301F-11D3-BF4B-00C04F79EFBC}") = "ZalhanPaula_Lab10.iOS", "ZalhanPaula_Lab10.iOS\ZalhanPaula_Lab10.iOS.csproj", "{FAD6294C-BA4E-4174-8DBF-4C970935BCCF}"
EndProject
Project("{FAE04EC0-301F-11D3-BF4B-00C04F79EFBC}") = "ZalhanPaula_Lab10", "ZalhanPaula_Lab10\ZalhanPaula_Lab10.csproj", "{A7D11B84-75BD-4132-BCC9-01F2AA1F3EB6}"
EndProject
Global
	GlobalSection(SolutionConfigurationPlatforms) = preSolution
		Debug|Any CPU = Debug|Any CPU
		Debug|iPhone = Debug|iPhone
		Debug|iPhoneSimulator = Debug|iPhoneSimulator
		Release|Any CPU = Release|Any CPU
		Release|iPhone = Release|iPhone
		Release|iPhoneSimulator = Release|iPhoneSimulator
	EndGlobalSection
	GlobalSection(ProjectConfigurationPlatforms) = postSolution
		{E95C0B8E-5CF0-4C58-9BB9-1C500CA72AA3}.Debug|Any CPU.ActiveCfg = Debug|Any CPU
		{E95C0B8E-5CF0-4C58-9BB9-1C500CA72AA3}.Debug|Any CPU.Build.0 = Debug|Any CPU
		{E95C0B8E-5CF0-4C58-9BB9-1C500CA72AA3}.Debug|Any CPU.Deploy.0 = Debug|Any CPU
		{E95C0B8E-5CF0-4C58-9BB9-1C500CA72AA3}.Debug|iPhone.ActiveCfg = Debug|Any CPU
		{E95C0B8E-5CF0-4C58-9BB9-1C500CA72AA3}.Debug|iPhone.Build.0 = Debug|Any CPU
		{E95C0B8E-5CF0-4C58-9BB9-1C500CA72AA3}.Debug|iPhone.Deploy.0 = Debug|Any CPU
		{E95C0B8E-5CF0-4C58-9BB9-1C500CA72AA3}.Debug|iPhoneSimulator.ActiveCfg = Debug|Any CPU
		{E95C0B8E-5CF0-4C58-9BB9-1C500CA72AA3}.Debug|iPhoneSimulator.Build.0 = Debug|Any CPU
		{E95C0B8E-5CF0-4C58-9BB9-1C500CA72AA3}.Debug|iPhoneSimulator.Deploy.0 = Debug|Any CPU
		{E95C0B8E-5CF0-4C58-9BB9-1C500CA72AA3}.Release|Any CPU.ActiveCfg = Release|Any CPU
		{E95C0B8E-5CF0-4C58-9BB9-1C500CA72AA3}.Release|Any CPU.Build.0 = Release|Any CPU
		{E95C0B8E-5CF0-4C58-9BB9-1C500CA72AA3}.Release|Any CPU.Deploy.0 = Release|Any CPU
		{E95C0B8E-5CF0-4C58-9BB9-1C500CA72AA3}.Release|iPhone.ActiveCfg = Release|Any CPU
		{E95C0B8E-5CF0-4C58-9BB9-1C500CA72AA3}.Release|iPhone.Build.0 = Release|Any CPU
		{E95C0B8E-5CF0-4C58-9BB9-1C500CA72AA3}.Release|iPhone.Deploy.0 = Release|Any CPU
		{E95C0B8E-5CF0-4C58-9BB9-1C500CA72AA3}.Release|iPhoneSimulator.ActiveCfg = Release|Any CPU
		{E95C0B8E-5CF0-4C58-9BB9-1C500CA72AA3}.Release|iPhoneSimulator.Build.0 = Release|Any CPU
		{E95C0B8E-5CF0-4C58-9BB9-1C500CA72AA3}.Release|iPhoneSimulator.Deploy.0 = Release|Any CPU
		{FAD6294C-BA4E-4174-8DBF-4C970935BCCF}.Debug|Any CPU.ActiveCfg = Debug|iPhone
		{FAD6294C-BA4E-4174-8DBF-4C970935BCCF}.Debug|Any CPU.Build.0 = Debug|iPhone
		{FAD6294C-BA4E-4174-8DBF-4C970935BCCF}.Debug|Any CPU.Deploy.0 = Debug|iPhone
		{FAD6294C-BA4E-4174-8DBF-4C970935BCCF}.Debug|iPhone.ActiveCfg = Debug|iPhone
		{FAD6294C-BA4E-4174-8DBF-4C970935BCCF}.Debug|iPhone.Build.0 = Debug|iPhone
		{FAD6294C-BA4E-4174-8DBF-4C970935BCCF}.Debug|iPhone.Deploy.0 = Debug|iPhone
		{FAD6294C-BA4E-4174-8DBF-4C970935BCCF}.Debug|iPhoneSimulator.ActiveCfg = Debug|iPhoneSimulator
		{FAD6294C-BA4E-4174-8DBF-4C970935BCCF}.Debug|iPhoneSimulator.Build.0 = Debug|iPhoneSimulator
		{FAD6294C-BA4E-4174-8DBF-4C970935BCCF}.Debug|iPhoneSimulator.Deploy.0 = Debug|iPhoneSimulator
		{FAD6294C-BA4E-4174-8DBF-4C970935BCCF}.Release|Any CPU.ActiveCfg = Release|iPhoneSimulator
		{FAD6294C-BA4E-4174-8DBF-4C970935BCCF}.Release|Any CPU.Build.0 = Release|iPhoneSimulator
		{FAD6294C-BA4E-4174-8DBF-4C970935BCCF}.Release|Any CPU.Deploy.0 = Release|iPhoneSimulator
		{FAD6294C-BA4E-4174-8DBF-4C970935BCCF}.Release|iPhone.ActiveCfg = Release|iPhone
		{FAD6294C-BA4E-4174-8DBF-4C970935BCCF}.Release|iPhone.Build.0 = Release|iPhone
		{FAD6294C-BA4E-4174-8DBF-4C970935BCCF}.Release|iPhone.Deploy.0 = Release|iPhone
		{FAD6294C-BA4E-4174-8DBF-4C970935BCCF}.Release|iPhoneSimulator.ActiveCfg = Release|iPhoneSimulator
		{FAD6294C-BA4E-4174-8DBF-4C970935BCCF}.Release|iPhoneSimulator.Build.0 = Release|iPhoneSimulator
		{FAD6294C-BA4E-4174-8DBF-4C970935BCCF}.Release|iPhoneSimulator.Deploy.0 = Release|iPhoneSimulator
		{A7D11B84-75BD-4132-BCC9-01F2AA1F3EB6}.Debug|Any CPU.ActiveCfg = Debug|Any CPU
		{A7D11B84-75BD-4132-BCC9-01F2AA1F3EB6}.Debug|Any CPU.Build.0 = Debug|Any CPU
		{A7D11B84-75BD-4132-BCC9-01F2AA1F3EB6}.Debug|Any CPU.Deploy.0 = Debug|Any CPU
		{A7D11B84-75BD-4132-BCC9-01F2AA1F3EB6}.Debug|iPhone.ActiveCfg = Debug|Any CPU
		{A7D11B84-75BD-4132-BCC9-01F2AA1F3EB6}.Debug|iPhone.Build.0 = Debug|Any CPU
		{A7D11B84-75BD-4132-BCC9-01F2AA1F3EB6}.Debug|iPhone.Deploy.0 = Debug|Any CPU
		{A7D11B84-75BD-4132-BCC9-01F2AA1F3EB6}.Debug|iPhoneSimulator.ActiveCfg = Debug|Any CPU
		{A7D11B84-75BD-4132-BCC9-01F2AA1F3EB6}.Debug|iPhoneSimulator.Build.0 = Debug|Any CPU
		{A7D11B84-75BD-4132-BCC9-01F2AA1F3EB6}.Debug|iPhoneSimulator.Deploy.0 = Debug|Any CPU
		{A7D11B84-75BD-4132-BCC9-01F2AA1F3EB6}.Release|Any CPU.ActiveCfg = Release|Any CPU
		{A7D11B84-75BD-4132-BCC9-01F2AA1F3EB6}.Release|Any CPU.Build.0 = Release|Any CPU
		{A7D11B84-75BD-4132-BCC9-01F2AA1F3EB6}.Release|Any CPU.Deploy.0 = Release|Any CPU
		{A7D11B84-75BD-4132-BCC9-01F2AA1F3EB6}.Release|iPhone.ActiveCfg = Release|Any CPU
		{A7D11B84-75BD-4132-BCC9-01F2AA1F3EB6}.Release|iPhone.Build.0 = Release|Any CPU
		{A7D11B84-75BD-4132-BCC9-01F2AA1F3EB6}.Release|iPhone.Deploy.0 = Release|Any CPU
		{A7D11B84-75BD-4132-BCC9-01F2AA1F3EB6}.Release|iPhoneSimulator.ActiveCfg = Release|Any CPU
		{A7D11B84-75BD-4132-BCC9-01F2AA1F3EB6}.Release|iPhoneSimulator.Build.0 = Release|Any CPU
		{A7D11B84-75BD-4132-BCC9-01F2AA1F3EB6}.Release|iPhoneSimulator.Deploy.0 = Release|Any CPU
	EndGlobalSection
	GlobalSection(SolutionProperties) = preSolution
		HideSolutionNode = FALSE
	EndGlobalSection
	GlobalSection(ExtensibilityGlobals) = postSolution
		SolutionGuid = {463B48E8-19BA-4801-80F1-0D5ED4E84D44}
	EndGlobalSection
EndGlobal
